
Microsoft Visual Studio Solution File, Format Version 12.00
# Visual Studio 15
VisualStudioVersion = 15.0.28010.2019
MinimumVisualStudioVersion = 10.0.40219.1
Project("{9A19103F-16F7-4668-BE54-9A1E7A4F7556}") = "WebApplication1", "WebApplication1\WebApplication1.csproj", "{19EE24E3-A1E2-4DF5-A029-593A25FB6E73}"
EndProject
Project("{FAE04EC0-301F-11D3-BF4B-00C04F79EFBC}") = "WpfApp1", "WpfApp1\WpfApp1.csproj", "{AFF64A50-56AB-461E-8BEC-119A2EFAD45A}"
EndProject
Global
	GlobalSection(SolutionConfigurationPlatforms) = preSolution
		Debug|Any CPU = Debug|Any CPU
		Release|Any CPU = Release|Any CPU
	EndGlobalSection
	GlobalSection(ProjectConfigurationPlatforms) = postSolution
		{19EE24E3-A1E2-4DF5-A029-593A25FB6E73}.Debug|Any CPU.ActiveCfg = Debug|Any CPU
		{19EE24E3-A1E2-4DF5-A029-593A25FB6E73}.Debug|Any CPU.Build.0 = Debug|Any CPU
		{19EE24E3-A1E2-4DF5-A029-593A25FB6E73}.Release|Any CPU.ActiveCfg = Release|Any CPU
		{19EE24E3-A1E2-4DF5-A029-593A25FB6E73}.Release|Any CPU.Build.0 = Release|Any CPU
		{AFF64A50-56AB-461E-8BEC-119A2EFAD45A}.Debug|Any CPU.ActiveCfg = Debug|Any CPU
		{AFF64A50-56AB-461E-8BEC-119A2EFAD45A}.Debug|Any CPU.Build.0 = Debug|Any CPU
		{AFF64A50-56AB-461E-8BEC-119A2EFAD45A}.Release|Any CPU.ActiveCfg = Release|Any CPU
		{AFF64A50-56AB-461E-8BEC-119A2EFAD45A}.Release|Any CPU.Build.0 = Release|Any CPU
	EndGlobalSection
	GlobalSection(SolutionProperties) = preSolution
		HideSolutionNode = FALSE
	EndGlobalSection
	GlobalSection(ExtensibilityGlobals) = postSolution
		SolutionGuid = {BAB430E5-637F-4485-82C7-A8AEF7735C9B}
	EndGlobalSection
EndGlobal
